
Microsoft Visual Studio Solution File, Format Version 11.00
# Visual Studio 2010
Project("{8BC9CEB8-8B4A-11D0-8D11-00A0C91BC942}") = "BTH03", "BTH03\BTH03.vcxproj", "{599ECE61-3C0C-44B7-86EA-D789FB414FE9}"
EndProject
Global
	GlobalSection(SolutionConfigurationPlatforms) = preSolution
		Debug|Win32 = Debug|Win32
		Release|Win32 = Release|Win32
	EndGlobalSection
	GlobalSection(ProjectConfigurationPlatforms) = postSolution
		{599ECE61-3C0C-44B7-86EA-D789FB414FE9}.Debug|Win32.ActiveCfg = Debug|Win32
		{599ECE61-3C0C-44B7-86EA-D789FB414FE9}.Debug|Win32.Build.0 = Debug|Win32
		{599ECE61-3C0C-44B7-86EA-D789FB414FE9}.Release|Win32.ActiveCfg = Release|Win32
		{599ECE61-3C0C-44B7-86EA-D789FB414FE9}.Release|Win32.Build.0 = Release|Win32
	EndGlobalSection
	GlobalSection(SolutionProperties) = preSolution
		HideSolutionNode = FALSE
	EndGlobalSection
EndGlobal
