<?xml version="1.0" encoding="utf-8"?>
<Project ToolsVersion="4.0" xmlns="http://schemas.microsoft.com/developer/msbuild/2003">
  <ItemGroup>
    <Filter Include="Source Files">
      <UniqueIdentifier>{4FC737F1-C7A5-4376-A066-2A32D752A2FF}</UniqueIdentifier>
      <Extensions>cpp;c;cc;cxx;def;odl;idl;hpj;bat;asm;asmx</Extensions>
    </Filter>
    <Filter Include="Header Files">
      <UniqueIdentifier>{93995380-89BD-4b04-88EB-625FBE52EBFB}</UniqueIdentifier>
      <Extensions>h;hpp;hxx;hm;inl;inc;xsd</Extensions>
    </Filter>
    <Filter Include="Resource Files">
      <UniqueIdentifier>{67DA6AB6-F800-4c08-8B7A-83BB121AAD01}</UniqueIdentifier>
      <Extensions>rc;ico;cur;bmp;dlg;rc2;rct;bin;rgs;gif;jpg;jpeg;jpe;resx;tiff;tif;png;wav;mfcribbon-ms</Extensions>
    </Filter>
  </ItemGroup>
  <ItemGroup>
    <ClCompile Include="BTH02-BT01-Tinh-De-Quy-Cac-Bieu-Thuc.cpp">
      <Filter>Source Files</Filter>
    </ClCompile>
    <ClCompile Include="BTH02-BT02-Tinh-Giai-Thua.cpp">
      <Filter>Source Files</Filter>
    </ClCompile>
    <ClCompile Include="BTH02-BT03-Tinh-Gia-Tri-Fibonacci.cpp">
      <Filter>Source Files</Filter>
    </ClCompile>
    <ClCompile Include="BTH02-BT04-Tinh-Luy-Thua.cpp">
      <Filter>Source Files</Filter>
    </ClCompile>
    <ClCompile Include="BTH02-BT05-Dem-Chu-So-Nguyen-Duong.cpp">
      <Filter>Source Files</Filter>
    </ClCompile>
    <ClCompile Include="BTH02-BT06-Tinh-So-Dao-Nguoc.cpp">
      <Filter>Source Files</Filter>
    </ClCompile>
    <ClCompile Include="BTH02-BT07-Tinh-Tong-Chu-So-Chan-Va-Le.cpp">
      <Filter>Source Files</Filter>
    </ClCompile>
    <ClCompile Include="BTH02-BT08-Chuyen-So-He-10-Sang-He-2.cpp">
      <Filter>Source Files</Filter>
    </ClCompile>
    <ClCompile Include="BTH02-BT09-Chuyen-So-He-2-Sang-He-10.cpp">
      <Filter>Source Files</Filter>
    </ClCompile>
    <ClCompile Include="BTH02-BT10-Tim-Uoc-So-Chung-Lon-Nhat.cpp">
      <Filter>Source Files</Filter>
    </ClCompile>
    <ClCompile Include="BTH02-BT11-Tinh-Tong-Cac-Gia-Tri-Cua-Mang.cpp">
      <Filter>Source Files</Filter>
    </ClCompile>
    <ClCompile Include="BTH02-BT12-Tim-Gia-Tri-Nho-Nhat-Trong-Mang.cpp">
      <Filter>Source Files</Filter>
    </ClCompile>
    <ClCompile Include="BTH02-BT13-Tam-Giac-Pascal.cpp">
      <Filter>Source Files</Filter>
    </ClCompile>
  </ItemGroup>
</Project>